
Microsoft Visual Studio Solution File, Format Version 12.00
# Visual Studio Version 17
VisualStudioVersion = 17.11.35327.3
MinimumVisualStudioVersion = 10.0.40219.1
Project("{FAE04EC0-301F-11D3-BF4B-00C04F79EFBC}") = "RentARide", "RentARide.csproj", "{120C6BBB-6C31-41C7-AD34-39A7685D7092}"
EndProject
Global
	GlobalSection(SolutionConfigurationPlatforms) = preSolution
		Debug|Any CPU = Debug|Any CPU
		Release|Any CPU = Release|Any CPU
	EndGlobalSection
	GlobalSection(ProjectConfigurationPlatforms) = postSolution
		{120C6BBB-6C31-41C7-AD34-39A7685D7092}.Debug|Any CPU.ActiveCfg = Debug|Any CPU
		{120C6BBB-6C31-41C7-AD34-39A7685D7092}.Debug|Any CPU.Build.0 = Debug|Any CPU
		{120C6BBB-6C31-41C7-AD34-39A7685D7092}.Release|Any CPU.ActiveCfg = Release|Any CPU
		{120C6BBB-6C31-41C7-AD34-39A7685D7092}.Release|Any CPU.Build.0 = Release|Any CPU
	EndGlobalSection
	GlobalSection(SolutionProperties) = preSolution
		HideSolutionNode = FALSE
	EndGlobalSection
	GlobalSection(ExtensibilityGlobals) = postSolution
		SolutionGuid = {F0C37622-CC5D-4D68-AE6E-E07D7C512E6B}
	EndGlobalSection
EndGlobal
